
Microsoft Visual Studio Solution File, Format Version 12.00
# Visual Studio Version 17
VisualStudioVersion = 17.11.35303.130
MinimumVisualStudioVersion = 10.0.40219.1
Project("{FAE04EC0-301F-11D3-BF4B-00C04F79EFBC}") = "ConsultaCRUD", "ConsultaCRUD\ConsultaCRUD.csproj", "{4A6DFEFC-71EB-4BA3-8BDA-2CDF59B44041}"
EndProject
Global
	GlobalSection(SolutionConfigurationPlatforms) = preSolution
		Debug|Any CPU = Debug|Any CPU
		Release|Any CPU = Release|Any CPU
	EndGlobalSection
	GlobalSection(ProjectConfigurationPlatforms) = postSolution
		{4A6DFEFC-71EB-4BA3-8BDA-2CDF59B44041}.Debug|Any CPU.ActiveCfg = Debug|Any CPU
		{4A6DFEFC-71EB-4BA3-8BDA-2CDF59B44041}.Debug|Any CPU.Build.0 = Debug|Any CPU
		{4A6DFEFC-71EB-4BA3-8BDA-2CDF59B44041}.Release|Any CPU.ActiveCfg = Release|Any CPU
		{4A6DFEFC-71EB-4BA3-8BDA-2CDF59B44041}.Release|Any CPU.Build.0 = Release|Any CPU
	EndGlobalSection
	GlobalSection(SolutionProperties) = preSolution
		HideSolutionNode = FALSE
	EndGlobalSection
	GlobalSection(ExtensibilityGlobals) = postSolution
		SolutionGuid = {C9FF146C-02ED-413D-A0C3-B2D7FE7B5813}
	EndGlobalSection
EndGlobal
